
Microsoft Visual Studio Solution File, Format Version 12.00
# Visual Studio Version 17
VisualStudioVersion = 17.14.36127.28 d17.14
MinimumVisualStudioVersion = 10.0.40219.1
Project("{FAE04EC0-301F-11D3-BF4B-00C04F79EFBC}") = "LB_BasicThreading", "LB_BasicThreading\LB_BasicThreading.csproj", "{03147AB7-95E9-41C9-85CD-8714C31C873E}"
EndProject
Global
	GlobalSection(SolutionConfigurationPlatforms) = preSolution
		Debug|Any CPU = Debug|Any CPU
		Release|Any CPU = Release|Any CPU
	EndGlobalSection
	GlobalSection(ProjectConfigurationPlatforms) = postSolution
		{03147AB7-95E9-41C9-85CD-8714C31C873E}.Debug|Any CPU.ActiveCfg = Debug|Any CPU
		{03147AB7-95E9-41C9-85CD-8714C31C873E}.Debug|Any CPU.Build.0 = Debug|Any CPU
		{03147AB7-95E9-41C9-85CD-8714C31C873E}.Release|Any CPU.ActiveCfg = Release|Any CPU
		{03147AB7-95E9-41C9-85CD-8714C31C873E}.Release|Any CPU.Build.0 = Release|Any CPU
	EndGlobalSection
	GlobalSection(SolutionProperties) = preSolution
		HideSolutionNode = FALSE
	EndGlobalSection
	GlobalSection(ExtensibilityGlobals) = postSolution
		SolutionGuid = {D6C44960-1B9A-4F01-B2DE-2F54068C858D}
	EndGlobalSection
EndGlobal
